// !$*UTF8*$!
{
	archiveVersion = 1;
	classes = {
	};
	objectVersion = 50;
	objects = {

/* Begin PBXBuildFile section */
		BC3FB79E232A29590066221D /* AppDelegate.swift in Sources */ = {isa = PBXBuildFile; fileRef = BC3FB79D232A29590066221D /* AppDelegate.swift */; };
		BC3FB7A0232A29590066221D /* ViewController.swift in Sources */ = {isa = PBXBuildFile; fileRef = BC3FB79F232A29590066221D /* ViewController.swift */; };
		BC3FB7A3232A29590066221D /* Main.storyboard in Resources */ = {isa = PBXBuildFile; fileRef = BC3FB7A1232A29590066221D /* Main.storyboard */; };
		BC3FB7A5232A295B0066221D /* Assets.xcassets in Resources */ = {isa = PBXBuildFile; fileRef = BC3FB7A4232A295B0066221D /* Assets.xcassets */; };
		BC3FB7A8232A295B0066221D /* LaunchScreen.storyboard in Resources */ = {isa = PBXBuildFile; fileRef = BC3FB7A6232A295B0066221D /* LaunchScreen.storyboard */; };
		BC4D851D232CFE1D00EC060F /* SecendPage.swift in Sources */ = {isa = PBXBuildFile; fileRef = BC4D851C232CFE1D00EC060F /* SecendPage.swift */; };
		BC4D851F232CFE4E00EC060F /* LastPage.swift in Sources */ = {isa = PBXBuildFile; fileRef = BC4D851E232CFE4E00EC060F /* LastPage.swift */; };
/* End PBXBuildFile section */

/* Begin PBXFileReference section */
		BC3FB79A232A29590066221D /* 数据处理.app */ = {isa = PBXFileReference; explicitFileType = wrapper.application; includeInIndex = 0; path = "数据处理.app"; sourceTree = BUILT_PRODUCTS_DIR; };
		BC3FB79D232A29590066221D /* AppDelegate.swift */ = {isa = PBXFileReference; lastKnownFileType = sourcecode.swift; path = AppDelegate.swift; sourceTree = "<group>"; };
		BC3FB79F232A29590066221D /* ViewController.swift */ = {isa = PBXFileReference; lastKnownFileType = sourcecode.swift; path = ViewController.swift; sourceTree = "<group>"; };
		BC3FB7A2232A29590066221D /* Base */ = {isa = PBXFileReference; lastKnownFileType = file.storyboard; name = Base; path = Base.lproj/Main.storyboard; sourceTree = "<group>"; };
		BC3FB7A4232A295B0066221D /* Assets.xcassets */ = {isa = PBXFileReference; lastKnownFileType = folder.assetcatalog; path = Assets.xcassets; sourceTree = "<group>"; };
		BC3FB7A7232A295B0066221D /* Base */ = {isa = PBXFileReference; lastKnownFileType = file.storyboard; name = Base; path = Base.lproj/LaunchScreen.storyboard; sourceTree = "<group>"; };
		BC3FB7A9232A295B0066221D /* Info.plist */ = {isa = PBXFileReference; lastKnownFileType = text.plist.xml; path = Info.plist; sourceTree = "<group>"; };
		BC4D851C232CFE1D00EC060F /* SecendPage.swift */ = {isa = PBXFileReference; lastKnownFileType = sourcecode.swift; path = SecendPage.swift; sourceTree = "<group>"; };
		BC4D851E232CFE4E00EC060F /* LastPage.swift */ = {isa = PBXFileReference; lastKnownFileType = sourcecode.swift; path = LastPage.swift; sourceTree = "<group>"; };
/* End PBXFileReference section */

/* Begin PBXFrameworksBuildPhase section */
		BC3FB797232A29590066221D /* Frameworks */ = {
			isa = PBXFrameworksBuildPhase;
			buildActionMask = 2147483647;
			files = (
			);
			runOnlyForDeploymentPostprocessing = 0;
		};
/* End PBXFrameworksBuildPhase section */

/* Begin PBXGroup section */
		BC3FB791232A29590066221D = {
			isa = PBXGroup;
			children = (
				BC3FB79C232A29590066221D /* 数据处理 */,
				BC3FB79B232A29590066221D /* Products */,
			);
			sourceTree = "<group>";
		};
		BC3FB79B232A29590066221D /* Products */ = {
			isa = PBXGroup;
			children = (
				BC3FB79A232A29590066221D /* 数据处理.app */,
			);
			name = Products;
			sourceTree = "<group>";
		};
		BC3FB79C232A29590066221D /* 数据处理 */ = {
			isa = PBXGroup;
			children = (
				BC3FB79D232A29590066221D /* AppDelegate.swift */,
				BC3FB79F232A29590066221D /* ViewController.swift */,
				BC3FB7A1232A29590066221D /* Main.storyboard */,
				BC3FB7A4232A295B0066221D /* Assets.xcassets */,
				BC3FB7A6232A295B0066221D /* LaunchScreen.storyboard */,
				BC3FB7A9232A295B0066221D /* Info.plist */,
				BC4D851C232CFE1D00EC060F /* SecendPage.swift */,
				BC4D851E232CFE4E00EC060F /* LastPage.swift */,
			);
			path = "数据处理";
			sourceTree = "<group>";
		};
/* End PBXGroup section */

/* Begin PBXNativeTarget section */
		BC3FB799232A29590066221D /* 数据处理 */ = {
			isa = PBXNativeTarget;
			buildConfigurationList = BC3FB7AC232A295B0066221D /* Build configuration list for PBXNativeTarget "数据处理" */;
			buildPhases = (
				BC3FB796232A29590066221D /* Sources */,
				BC3FB797232A29590066221D /* Frameworks */,
				BC3FB798232A29590066221D /* Resources */,
			);
			buildRules = (
			);
			dependencies = (
			);
			name = "数据处理";
			productName = "数据处理";
			productReference = BC3FB79A232A29590066221D /* 数据处理.app */;
			productType = "com.apple.product-type.application";
		};
/* End PBXNativeTarget section */

/* Begin PBXProject section */
		BC3FB792232A29590066221D /* Project object */ = {
			isa = PBXProject;
			attributes = {
				LastSwiftUpdateCheck = 1030;
				LastUpgradeCheck = 1030;
				ORGANIZATIONNAME = "王鲲宇";
				TargetAttributes = {
					BC3FB799232A29590066221D = {
						CreatedOnToolsVersion = 10.3;
					};
				};
			};
			buildConfigurationList = BC3FB795232A29590066221D /* Build configuration list for PBXProject "数据处理" */;
			compatibilityVersion = "Xcode 9.3";
			developmentRegion = en;
			hasScannedForEncodings = 0;
			knownRegions = (
				en,
				Base,
			);
			mainGroup = BC3FB791232A29590066221D;
			productRefGroup = BC3FB79B232A29590066221D /* Products */;
			projectDirPath = "";
			projectRoot = "";
			targets = (
				BC3FB799232A29590066221D /* 数据处理 */,
			);
		};
/* End PBXProject section */

/* Begin PBXResourcesBuildPhase section */
		BC3FB798232A29590066221D /* Resources */ = {
			isa = PBXResourcesBuildPhase;
			buildActionMask = 2147483647;
			files = (
				BC3FB7A8232A295B0066221D /* LaunchScreen.storyboard in Resources */,
				BC3FB7A5232A295B0066221D /* Assets.xcassets in Resources */,
				BC3FB7A3232A29590066221D /* Main.storyboard in Resources */,
			);
			runOnlyForDeploymentPostprocessing = 0;
		};
/* End PBXResourcesBuildPhase section */

/* Begin PBXSourcesBuildPhase section */
		BC3FB796232A29590066221D /* Sources */ = {
			isa = PBXSourcesBuildPhase;
			buildActionMask = 2147483647;
			files = (
				BC3FB7A0232A29590066221D /* ViewController.swift in Sources */,
				BC3FB79E232A29590066221D /* AppDelegate.swift in Sources */,
				BC4D851F232CFE4E00EC060F /* LastPage.swift in Sources */,
				BC4D851D232CFE1D00EC060F /* SecendPage.swift in Sources */,
			);
			runOnlyForDeploymentPostprocessing = 0;
		};
/* End PBXSourcesBuildPhase section */

/* Begin PBXVariantGroup section */
		BC3FB7A1232A29590066221D /* Main.storyboard */ = {
			isa = PBXVariantGroup;
			children = (
				BC3FB7A2232A29590066221D /* Base */,
			);
			name = Main.storyboard;
			sourceTree = "<group>";
		};
		BC3FB7A6232A295B0066221D /* LaunchScreen.storyboard */ = {
			isa = PBXVariantGroup;
			children = (
				BC3FB7A7232A295B0066221D /* Base */,
			);
			name = LaunchScreen.storyboard;
			sourceTree = "<group>";
		};
/* End PBXVariantGroup section */

/* Begin XCBuildConfiguration section */
		BC3FB7AA232A295B0066221D /* Debug */ = {
			isa = XCBuildConfiguration;
			buildSettings = {
				ALWAYS_SEARCH_USER_PATHS = NO;
				CLANG_ANALYZER_NONNULL = YES;
				CLANG_ANALYZER_NUMBER_OBJECT_CONVERSION = YES_AGGRESSIVE;
				CLANG_CXX_LANGUAGE_STANDARD = "gnu++14";
				CLANG_CXX_LIBRARY = "libc++";
				CLANG_ENABLE_MODULES = YES;
				CLANG_ENABLE_OBJC_ARC = YES;
				CLANG_ENABLE_OBJC_WEAK = YES;
				CLANG_WARN_BLOCK_CAPTURE_AUTORELEASING = YES;
				CLANG_WARN_BOOL_CONVERSION = YES;
				CLANG_WARN_COMMA = YES;
				CLANG_WARN_CONSTANT_CONVERSION = YES;
				CLANG_WARN_DEPRECATED_OBJC_IMPLEMENTATIONS = YES;
				CLANG_WARN_DIRECT_OBJC_ISA_USAGE = YES_ERROR;
				CLANG_WARN_DOCUMENTATION_COMMENTS = YES;
				CLANG_WARN_EMPTY_BODY = YES;
				CLANG_WARN_ENUM_CONVERSION = YES;
				CLANG_WARN_INFINITE_RECURSION = YES;
				CLANG_WARN_INT_CONVERSION = YES;
				CLANG_WARN_NON_LITERAL_NULL_CONVERSION = YES;
				CLANG_WARN_OBJC_IMPLICIT_RETAIN_SELF = YES;
				CLANG_WARN_OBJC_LITERAL_CONVERSION = YES;
				CLANG_WARN_OBJC_ROOT_CLASS = YES_ERROR;
				CLANG_WARN_RANGE_LOOP_ANALYSIS = YES;
				CLANG_WARN_STRICT_PROTOTYPES = YES;
				CLANG_WARN_SUSPICIOUS_MOVE = YES;
				CLANG_WARN_UNGUARDED_AVAILABILITY = YES_AGGRESSIVE;
				CLANG_WARN_UNREACHABLE_CODE = YES;
				CLANG_WARN__DUPLICATE_METHOD_MATCH = YES;
				CODE_SIGN_IDENTITY = "iPhone Developer";
				COPY_PHASE_STRIP = NO;
				DEBUG_INFORMATION_FORMAT = dwarf;
				ENABLE_STRICT_OBJC_MSGSEND = YES;
				ENABLE_TESTABILITY = YES;
				GCC_C_LANGUAGE_STANDARD = gnu11;
				GCC_DYNAMIC_NO_PIC = NO;
				GCC_NO_COMMON_BLOCKS = YES;
				GCC_OPTIMIZATION_LEVEL = 0;
				GCC_PREPROCESSOR_DEFINITIONS = (
					"DEBUG=1",
					"$(inherited)",
				);
				GCC_WARN_64_TO_32_BIT_CONVERSION = YES;
				GCC_WARN_ABOUT_RETURN_TYPE = YES_ERROR;
				GCC_WARN_UNDECLARED_SELECTOR = YES;
				GCC_WARN_UNINITIALIZED_AUTOS = YES_AGGRESSIVE;
				GCC_WARN_UNUSED_FUNCTION = YES;
				GCC_WARN_UNUSED_VARIABLE = YES;
				IPHONEOS_DEPLOYMENT_TARGET = 12.4;
				MTL_ENABLE_DEBUG_INFO = INCLUDE_SOURCE;
				MTL_FAST_MATH = YES;
				ONLY_ACTIVE_ARCH = YES;
				SDKROOT = iphoneos;
				SWIFT_ACTIVE_COMPILATION_CONDITIONS = DEBUG;
				SWIFT_OPTIMIZATION_LEVEL = "-Onone";
			};
			name = Debug;
		};
		BC3FB7AB232A295B0066221D /* Release */ = {
			isa = XCBuildConfiguration;
			buildSettings = {
				ALWAYS_SEARCH_USER_PATHS = NO;
				CLANG_ANALYZER_NONNULL = YES;
				CLANG_ANALYZER_NUMBER_OBJECT_CONVERSION = YES_AGGRESSIVE;
				CLANG_CXX_LANGUAGE_STANDARD = "gnu++14";
				CLANG_CXX_LIBRARY = "libc++";
				CLANG_ENABLE_MODULES = YES;
				CLANG_ENABLE_OBJC_ARC = YES;
				CLANG_ENABLE_OBJC_WEAK = YES;
				CLANG_WARN_BLOCK_CAPTURE_AUTORELEASING = YES;
				CLANG_WARN_BOOL_CONVERSION = YES;
				CLANG_WARN_COMMA = YES;
				CLANG_WARN_CONSTANT_CONVERSION = YES;
				CLANG_WARN_DEPRECATED_OBJC_IMPLEMENTATIONS = YES;
				CLANG_WARN_DIRECT_OBJC_ISA_USAGE = YES_ERROR;
				CLANG_WARN_DOCUMENTATION_COMMENTS = YES;
				CLANG_WARN_EMPTY_BODY = YES;
				CLANG_WARN_ENUM_CONVERSION = YES;
				CLANG_WARN_INFINITE_RECURSION = YES;
				CLANG_WARN_INT_CONVERSION = YES;
				CLANG_WARN_NON_LITERAL_NULL_CONVERSION = YES;
				CLANG_WARN_OBJC_IMPLICIT_RETAIN_SELF = YES;
				CLANG_WARN_OBJC_LITERAL_CONVERSION = YES;
				CLANG_WARN_OBJC_ROOT_CLASS = YES_ERROR;
				CLANG_WARN_RANGE_LOOP_ANALYSIS = YES;
				CLANG_WARN_STRICT_PROTOTYPES = YES;
				CLANG_WARN_SUSPICIOUS_MOVE = YES;
				CLANG_WARN_UNGUARDED_AVAILABILITY = YES_AGGRESSIVE;
				CLANG_WARN_UNREACHABLE_CODE = YES;
				CLANG_WARN__DUPLICATE_METHOD_MATCH = YES;
				CODE_SIGN_IDENTITY = "iPhone Developer";
				COPY_PHASE_STRIP = NO;
				DEBUG_INFORMATION_FORMAT = "dwarf-with-dsym";
				ENABLE_NS_ASSERTIONS = NO;
				ENABLE_STRICT_OBJC_MSGSEND = YES;
				GCC_C_LANGUAGE_STANDARD = gnu11;
				GCC_NO_COMMON_BLOCKS = YES;
				GCC_WARN_64_TO_32_BIT_CONVERSION = YES;
				GCC_WARN_ABOUT_RETURN_TYPE = YES_ERROR;
				GCC_WARN_UNDECLARED_SELECTOR = YES;
				GCC_WARN_UNINITIALIZED_AUTOS = YES_AGGRESSIVE;
				GCC_WARN_UNUSED_FUNCTION = YES;
				GCC_WARN_UNUSED_VARIABLE = YES;
				IPHONEOS_DEPLOYMENT_TARGET = 12.4;
				MTL_ENABLE_DEBUG_INFO = NO;
				MTL_FAST_MATH = YES;
				SDKROOT = iphoneos;
				SWIFT_COMPILATION_MODE = wholemodule;
				SWIFT_OPTIMIZATION_LEVEL = "-O";
				VALIDATE_PRODUCT = YES;
			};
			name = Release;
		};
		BC3FB7AD232A295B0066221D /* Debug */ = {
			isa = XCBuildConfiguration;
			buildSettings = {
				ASSETCATALOG_COMPILER_APPICON_NAME = AppIcon;
				CODE_SIGN_STYLE = Automatic;
				DEVELOPMENT_TEAM = N2T3DA4Y6S;
				INFOPLIST_FILE = "数据处理/Info.plist";
				IPHONEOS_DEPLOYMENT_TARGET = 12.1;
				LD_RUNPATH_SEARCH_PATHS = (
					"$(inherited)",
					"@executable_path/Frameworks",
				);
				PRODUCT_BUNDLE_IDENTIFIER = "spwingy.----";
				PRODUCT_NAME = "$(TARGET_NAME)";
				SWIFT_VERSION = 4.2;
				TARGETED_DEVICE_FAMILY = "1,2";
			};
			name = Debug;
		};
		BC3FB7AE232A295B0066221D /* Release */ = {
			isa = XCBuildConfiguration;
			buildSettings = {
				ASSETCATALOG_COMPILER_APPICON_NAME = AppIcon;
				CODE_SIGN_STYLE = Automatic;
				DEVELOPMENT_TEAM = N2T3DA4Y6S;
				INFOPLIST_FILE = "数据处理/Info.plist";
				IPHONEOS_DEPLOYMENT_TARGET = 12.1;
				LD_RUNPATH_SEARCH_PATHS = (
					"$(inherited)",
					"@executable_path/Frameworks",
				);
				PRODUCT_BUNDLE_IDENTIFIER = "spwingy.----";
				PRODUCT_NAME = "$(TARGET_NAME)";
				SWIFT_VERSION = 4.2;
				TARGETED_DEVICE_FAMILY = "1,2";
			};
			name = Release;
		};
/* End XCBuildConfiguration section */

/* Begin XCConfigurationList section */
		BC3FB795232A29590066221D /* Build configuration list for PBXProject "数据处理" */ = {
			isa = XCConfigurationList;
			buildConfigurations = (
				BC3FB7AA232A295B0066221D /* Debug */,
				BC3FB7AB232A295B0066221D /* Release */,
			);
			defaultConfigurationIsVisible = 0;
			defaultConfigurationName = Release;
		};
		BC3FB7AC232A295B0066221D /* Build configuration list for PBXNativeTarget "数据处理" */ = {
			isa = XCConfigurationList;
			buildConfigurations = (
				BC3FB7AD232A295B0066221D /* Debug */,
				BC3FB7AE232A295B0066221D /* Release */,
			);
			defaultConfigurationIsVisible = 0;
			defaultConfigurationName = Release;
		};
/* End XCConfigurationList section */
	};
	rootObject = BC3FB792232A29590066221D /* Project object */;
}
